
Microsoft Visual Studio Solution File, Format Version 12.00
# Visual Studio Version 17
VisualStudioVersion = 17.3.32825.248
MinimumVisualStudioVersion = 10.0.40219.1
Project("{2150E333-8FDC-42A3-9474-1A3956D46DE8}") = "src", "src", "{01DED310-9DD0-4733-B8F8-CC94D5D74ABA}"
EndProject
Project("{9A19103F-16F7-4668-BE54-9A1E7A4F7556}") = "ShoppingCard.Domain", "src\ShoppingCard.Domain\ShoppingCard.Domain.csproj", "{CF91F1F1-55E8-450B-9799-FA924E3B9C60}"
EndProject
Project("{9A19103F-16F7-4668-BE54-9A1E7A4F7556}") = "Common", "Common\Common.csproj", "{0709DB7C-7AEB-403C-8571-7567863B985E}"
EndProject
Project("{9A19103F-16F7-4668-BE54-9A1E7A4F7556}") = "ShoppingCard.Repository", "ShoppingCard.Repository\ShoppingCard.Repository.csproj", "{B30C49F6-2C8C-401B-8F5F-E663358EE48C}"
EndProject
Project("{9A19103F-16F7-4668-BE54-9A1E7A4F7556}") = "ShoppingCard.Service", "ShoppingCard.Service\ShoppingCard.Service.csproj", "{8F17F32B-450D-4C20-A06F-6E5CC75D77D3}"
EndProject
Project("{9A19103F-16F7-4668-BE54-9A1E7A4F7556}") = "ShoppingCard.Api", "ShoppingCard.Api\ShoppingCard.Api.csproj", "{3098F56D-34F7-462E-A1D9-7C25ABB6E5A7}"
EndProject
Project("{2150E333-8FDC-42A3-9474-1A3956D46DE8}") = "ShoppingCard", "ShoppingCard", "{9A38E541-4CE6-4360-B510-AA54218E5CC5}"
EndProject
Project("{2150E333-8FDC-42A3-9474-1A3956D46DE8}") = "Athena", "Athena", "{D65DB6B5-4CD3-4053-A7B7-1DA76658A52E}"
EndProject
Project("{9A19103F-16F7-4668-BE54-9A1E7A4F7556}") = "Athena.CacheHelper", "Athena.CacheHelper\Athena.CacheHelper.csproj", "{15732843-7E7D-4D0A-A071-117422EEBE7B}"
EndProject
Project("{9A19103F-16F7-4668-BE54-9A1E7A4F7556}") = "Athena.RabbitMQHelper", "Athena.RabbitMQHelper\Athena.RabbitMQHelper.csproj", "{BF7E5487-4C2F-404C-9E5C-00A220AF8087}"
EndProject
Project("{9A19103F-16F7-4668-BE54-9A1E7A4F7556}") = "ShoppingCard.Consumer", "ShoppingCard.Consumer\ShoppingCard.Consumer.csproj", "{09A98EF7-3276-4007-B21D-3A536ED47CE7}"
EndProject
Project("{9A19103F-16F7-4668-BE54-9A1E7A4F7556}") = "ShoppingCard.BrokerMessage", "ShoppingCard.BrokerMessage\ShoppingCard.BrokerMessage.csproj", "{999DE638-2F62-44F2-8E70-861D041BDCAD}"
EndProject
Project("{FAE04EC0-301F-11D3-BF4B-00C04F79EFBC}") = "Athena.AspDotnetHelper", "Athena.AspDotnetHelper\Athena.AspDotnetHelper.csproj", "{296F43C6-9767-46B5-8757-26E48427F241}"
EndProject
Global
	GlobalSection(SolutionConfigurationPlatforms) = preSolution
		Debug|Any CPU = Debug|Any CPU
		Release|Any CPU = Release|Any CPU
	EndGlobalSection
	GlobalSection(ProjectConfigurationPlatforms) = postSolution
		{CF91F1F1-55E8-450B-9799-FA924E3B9C60}.Debug|Any CPU.ActiveCfg = Debug|Any CPU
		{CF91F1F1-55E8-450B-9799-FA924E3B9C60}.Debug|Any CPU.Build.0 = Debug|Any CPU
		{CF91F1F1-55E8-450B-9799-FA924E3B9C60}.Release|Any CPU.ActiveCfg = Release|Any CPU
		{CF91F1F1-55E8-450B-9799-FA924E3B9C60}.Release|Any CPU.Build.0 = Release|Any CPU
		{0709DB7C-7AEB-403C-8571-7567863B985E}.Debug|Any CPU.ActiveCfg = Debug|Any CPU
		{0709DB7C-7AEB-403C-8571-7567863B985E}.Debug|Any CPU.Build.0 = Debug|Any CPU
		{0709DB7C-7AEB-403C-8571-7567863B985E}.Release|Any CPU.ActiveCfg = Release|Any CPU
		{0709DB7C-7AEB-403C-8571-7567863B985E}.Release|Any CPU.Build.0 = Release|Any CPU
		{B30C49F6-2C8C-401B-8F5F-E663358EE48C}.Debug|Any CPU.ActiveCfg = Debug|Any CPU
		{B30C49F6-2C8C-401B-8F5F-E663358EE48C}.Debug|Any CPU.Build.0 = Debug|Any CPU
		{B30C49F6-2C8C-401B-8F5F-E663358EE48C}.Release|Any CPU.ActiveCfg = Release|Any CPU
		{B30C49F6-2C8C-401B-8F5F-E663358EE48C}.Release|Any CPU.Build.0 = Release|Any CPU
		{8F17F32B-450D-4C20-A06F-6E5CC75D77D3}.Debug|Any CPU.ActiveCfg = Debug|Any CPU
		{8F17F32B-450D-4C20-A06F-6E5CC75D77D3}.Debug|Any CPU.Build.0 = Debug|Any CPU
		{8F17F32B-450D-4C20-A06F-6E5CC75D77D3}.Release|Any CPU.ActiveCfg = Release|Any CPU
		{8F17F32B-450D-4C20-A06F-6E5CC75D77D3}.Release|Any CPU.Build.0 = Release|Any CPU
		{3098F56D-34F7-462E-A1D9-7C25ABB6E5A7}.Debug|Any CPU.ActiveCfg = Debug|Any CPU
		{3098F56D-34F7-462E-A1D9-7C25ABB6E5A7}.Debug|Any CPU.Build.0 = Debug|Any CPU
		{3098F56D-34F7-462E-A1D9-7C25ABB6E5A7}.Release|Any CPU.ActiveCfg = Release|Any CPU
		{3098F56D-34F7-462E-A1D9-7C25ABB6E5A7}.Release|Any CPU.Build.0 = Release|Any CPU
		{15732843-7E7D-4D0A-A071-117422EEBE7B}.Debug|Any CPU.ActiveCfg = Debug|Any CPU
		{15732843-7E7D-4D0A-A071-117422EEBE7B}.Debug|Any CPU.Build.0 = Debug|Any CPU
		{15732843-7E7D-4D0A-A071-117422EEBE7B}.Release|Any CPU.ActiveCfg = Release|Any CPU
		{15732843-7E7D-4D0A-A071-117422EEBE7B}.Release|Any CPU.Build.0 = Release|Any CPU
		{BF7E5487-4C2F-404C-9E5C-00A220AF8087}.Debug|Any CPU.ActiveCfg = Debug|Any CPU
		{BF7E5487-4C2F-404C-9E5C-00A220AF8087}.Debug|Any CPU.Build.0 = Debug|Any CPU
		{BF7E5487-4C2F-404C-9E5C-00A220AF8087}.Release|Any CPU.ActiveCfg = Release|Any CPU
		{BF7E5487-4C2F-404C-9E5C-00A220AF8087}.Release|Any CPU.Build.0 = Release|Any CPU
		{09A98EF7-3276-4007-B21D-3A536ED47CE7}.Debug|Any CPU.ActiveCfg = Debug|Any CPU
		{09A98EF7-3276-4007-B21D-3A536ED47CE7}.Debug|Any CPU.Build.0 = Debug|Any CPU
		{09A98EF7-3276-4007-B21D-3A536ED47CE7}.Release|Any CPU.ActiveCfg = Release|Any CPU
		{09A98EF7-3276-4007-B21D-3A536ED47CE7}.Release|Any CPU.Build.0 = Release|Any CPU
		{999DE638-2F62-44F2-8E70-861D041BDCAD}.Debug|Any CPU.ActiveCfg = Debug|Any CPU
		{999DE638-2F62-44F2-8E70-861D041BDCAD}.Debug|Any CPU.Build.0 = Debug|Any CPU
		{999DE638-2F62-44F2-8E70-861D041BDCAD}.Release|Any CPU.ActiveCfg = Release|Any CPU
		{999DE638-2F62-44F2-8E70-861D041BDCAD}.Release|Any CPU.Build.0 = Release|Any CPU
		{296F43C6-9767-46B5-8757-26E48427F241}.Debug|Any CPU.ActiveCfg = Debug|Any CPU
		{296F43C6-9767-46B5-8757-26E48427F241}.Debug|Any CPU.Build.0 = Debug|Any CPU
		{296F43C6-9767-46B5-8757-26E48427F241}.Release|Any CPU.ActiveCfg = Release|Any CPU
		{296F43C6-9767-46B5-8757-26E48427F241}.Release|Any CPU.Build.0 = Release|Any CPU
	EndGlobalSection
	GlobalSection(SolutionProperties) = preSolution
		HideSolutionNode = FALSE
	EndGlobalSection
	GlobalSection(NestedProjects) = preSolution
		{CF91F1F1-55E8-450B-9799-FA924E3B9C60} = {9A38E541-4CE6-4360-B510-AA54218E5CC5}
		{0709DB7C-7AEB-403C-8571-7567863B985E} = {01DED310-9DD0-4733-B8F8-CC94D5D74ABA}
		{B30C49F6-2C8C-401B-8F5F-E663358EE48C} = {9A38E541-4CE6-4360-B510-AA54218E5CC5}
		{8F17F32B-450D-4C20-A06F-6E5CC75D77D3} = {9A38E541-4CE6-4360-B510-AA54218E5CC5}
		{3098F56D-34F7-462E-A1D9-7C25ABB6E5A7} = {9A38E541-4CE6-4360-B510-AA54218E5CC5}
		{9A38E541-4CE6-4360-B510-AA54218E5CC5} = {01DED310-9DD0-4733-B8F8-CC94D5D74ABA}
		{D65DB6B5-4CD3-4053-A7B7-1DA76658A52E} = {01DED310-9DD0-4733-B8F8-CC94D5D74ABA}
		{15732843-7E7D-4D0A-A071-117422EEBE7B} = {D65DB6B5-4CD3-4053-A7B7-1DA76658A52E}
		{BF7E5487-4C2F-404C-9E5C-00A220AF8087} = {D65DB6B5-4CD3-4053-A7B7-1DA76658A52E}
		{09A98EF7-3276-4007-B21D-3A536ED47CE7} = {9A38E541-4CE6-4360-B510-AA54218E5CC5}
		{999DE638-2F62-44F2-8E70-861D041BDCAD} = {9A38E541-4CE6-4360-B510-AA54218E5CC5}
		{296F43C6-9767-46B5-8757-26E48427F241} = {D65DB6B5-4CD3-4053-A7B7-1DA76658A52E}
	EndGlobalSection
	GlobalSection(ExtensibilityGlobals) = postSolution
		SolutionGuid = {0411D75C-EA21-4B59-8113-BFC5389A3AF1}
	EndGlobalSection
EndGlobal
